{
  "lockfileVersion": 1,
  "workspaces": {
    "": {
      "name": "account-activity-dashboard-enterprise",
      "dependencies": {
        "datatables.net-dt": "^2.3.2",
        "oauth-1.0a": "^2.2.6",
      },
      "devDependencies": {
        "@types/bun": "latest",
      },
      "peerDependencies": {
        "typescript": "^5",
      },
    },
  },
  "packages": {
    "@types/bun": ["@types/bun@1.2.13", "", { "dependencies": { "bun-types": "1.2.13" } }, "sha512-u6vXep/i9VBxoJl3GjZsl/BFIsvML8DfVDO0RYLEwtSZSp981kEO1V5NwRcO1CPJ7AmvpbnDCiMKo3JvbDEjAg=="],

    "@types/node": ["@types/node@22.15.18", "", { "dependencies": { "undici-types": "~6.21.0" } }, "sha512-v1DKRfUdyW+jJhZNEI1PYy29S2YRxMV5AOO/x/SjKmW0acCIOqmbj6Haf9eHAhsPmrhlHSxEhv/1WszcLWV4cg=="],

    "bun-types": ["bun-types@1.2.13", "", { "dependencies": { "@types/node": "*" } }, "sha512-rRjA1T6n7wto4gxhAO/ErZEtOXyEZEmnIHQfl0Dt1QQSB4QV0iP6BZ9/YB5fZaHFQ2dwHFrmPaRQ9GGMX01k9Q=="],

    "datatables.net": ["datatables.net@2.3.2", "", { "dependencies": { "jquery": ">=1.7" } }, "sha512-31TzwIQM0+pr2ZOEOEH6dsHd/WSAl5GDDGPezOHPI3mM2NK4lcDyOoG8xXeWmSbVfbi852LNK5C84fpp4Q+qxg=="],

    "datatables.net-dt": ["datatables.net-dt@2.3.2", "", { "dependencies": { "datatables.net": "2.3.2", "jquery": ">=1.7" } }, "sha512-2heAMe0AVqJ8nt9wE35ArLtL1zP7N7qnhM3u52bLcJfi4NStxyBsHScVggTHVQPj7r9O+qirAxox1Xcr+Bm4Dw=="],

    "jquery": ["jquery@3.7.1", "", {}, "sha512-m4avr8yL8kmFN8psrbFFFmB/If14iN5o9nw/NgnnM+kybDJpRsAynV2BsfpTYrTRysYUdADVD7CkUUizgkpLfg=="],

    "oauth-1.0a": ["oauth-1.0a@2.2.6", "", {}, "sha512-6bkxv3N4Gu5lty4viIcIAnq5GbxECviMBeKR3WX/q87SPQ8E8aursPZUtsXDnxCs787af09WPRBLqYrf/lwoYQ=="],

    "typescript": ["typescript@5.8.3", "", { "bin": { "tsc": "bin/tsc", "tsserver": "bin/tsserver" } }, "sha512-p1diW6TqL9L07nNxvRMM7hMMw4c5XOo/1ibL4aAIGmSAt9slTE1Xgw5KWuof2uTOvCg9BY7ZRi+GaF+7sfgPeQ=="],

    "undici-types": ["undici-types@6.21.0", "", {}, "sha512-iwDZqg0QAGrg9Rav5H4n0M64c3mkR59cJ6wQp+7C4nI0gsmExaedaYLNO44eT4AtBBwjbTiGPMlt2Md0T9H9JQ=="],
  }
}
